// !$*UTF8*$!
{
	archiveVersion = 1;
	classes = {
	};
	objectVersion = 56;
	objects = {

/* Begin PBXBuildFile section */
		A990A680E36039286119C647 /* Pods_DisciplineManager.framework in Frameworks */ = {isa = PBXBuildFile; fileRef = 9B4C05F3C9A96D99F167C603 /* Pods_DisciplineManager.framework */; };
		EACF07302AFA25AC0000CD2E /* AppDelegate.swift in Sources */ = {isa = PBXBuildFile; fileRef = EACF072F2AFA25AC0000CD2E /* AppDelegate.swift */; };
		EACF07322AFA25AC0000CD2E /* SceneDelegate.swift in Sources */ = {isa = PBXBuildFile; fileRef = EACF07312AFA25AC0000CD2E /* SceneDelegate.swift */; };
		EACF07342AFA25AC0000CD2E /* TodoController.swift in Sources */ = {isa = PBXBuildFile; fileRef = EACF07332AFA25AC0000CD2E /* TodoController.swift */; };
		EACF07372AFA25AC0000CD2E /* Main.storyboard in Resources */ = {isa = PBXBuildFile; fileRef = EACF07352AFA25AC0000CD2E /* Main.storyboard */; };
		EACF07392AFA25B00000CD2E /* Assets.xcassets in Resources */ = {isa = PBXBuildFile; fileRef = EACF07382AFA25B00000CD2E /* Assets.xcassets */; };
		EACF073C2AFA25B00000CD2E /* LaunchScreen.storyboard in Resources */ = {isa = PBXBuildFile; fileRef = EACF073A2AFA25B00000CD2E /* LaunchScreen.storyboard */; };
		EACF07442AFA26D00000CD2E /* MainTabBarController.swift in Sources */ = {isa = PBXBuildFile; fileRef = EACF07432AFA26D00000CD2E /* MainTabBarController.swift */; };
		EACF07462AFA3E030000CD2E /* MotivationController.swift in Sources */ = {isa = PBXBuildFile; fileRef = EACF07452AFA3E030000CD2E /* MotivationController.swift */; };
		EACF07482AFA3E310000CD2E /* AchievementController.swift in Sources */ = {isa = PBXBuildFile; fileRef = EACF07472AFA3E310000CD2E /* AchievementController.swift */; };
		EACF074A2AFA3E500000CD2E /* DeviceBlockController.swift in Sources */ = {isa = PBXBuildFile; fileRef = EACF07492AFA3E500000CD2E /* DeviceBlockController.swift */; };
		EACF074C2AFA3E8E0000CD2E /* SettingController.swift in Sources */ = {isa = PBXBuildFile; fileRef = EACF074B2AFA3E8E0000CD2E /* SettingController.swift */; };
		EACF074E2AFB451A0000CD2E /* ViewDrawable.swift in Sources */ = {isa = PBXBuildFile; fileRef = EACF074D2AFB451A0000CD2E /* ViewDrawable.swift */; };
		EACF07542AFB68E00000CD2E /* LINESeedKR-Th.otf in Resources */ = {isa = PBXBuildFile; fileRef = EACF07512AFB68E00000CD2E /* LINESeedKR-Th.otf */; };
		EACF07552AFB68E00000CD2E /* LINESeedKR-Rg.otf in Resources */ = {isa = PBXBuildFile; fileRef = EACF07522AFB68E00000CD2E /* LINESeedKR-Rg.otf */; };
		EACF07562AFB68E00000CD2E /* LINESeedKR-Bd.otf in Resources */ = {isa = PBXBuildFile; fileRef = EACF07532AFB68E00000CD2E /* LINESeedKR-Bd.otf */; };
		EADB7B172B0C745E005015B8 /* CalendarSheetController.swift in Sources */ = {isa = PBXBuildFile; fileRef = EADB7B162B0C745E005015B8 /* CalendarSheetController.swift */; };
		EADB7B192B0C9765005015B8 /* CalendarSheetViewModel.swift in Sources */ = {isa = PBXBuildFile; fileRef = EADB7B182B0C9765005015B8 /* CalendarSheetViewModel.swift */; };
		EADB7B1B2B0DB35E005015B8 /* HomeCell.swift in Sources */ = {isa = PBXBuildFile; fileRef = EADB7B1A2B0DB35E005015B8 /* HomeCell.swift */; };
		EADB7B1E2B0DB47B005015B8 /* TodoHeaderView.swift in Sources */ = {isa = PBXBuildFile; fileRef = EADB7B1D2B0DB47B005015B8 /* TodoHeaderView.swift */; };
		EADB7B202B0E0C9E005015B8 /* TodoModel.swift in Sources */ = {isa = PBXBuildFile; fileRef = EADB7B1F2B0E0C9E005015B8 /* TodoModel.swift */; };
		EAE6696A2AFB71A200E1C378 /* TodoViewModel.swift in Sources */ = {isa = PBXBuildFile; fileRef = EAE669692AFB71A200E1C378 /* TodoViewModel.swift */; };
		EAE6696C2AFB743B00E1C378 /* Bindable.swift in Sources */ = {isa = PBXBuildFile; fileRef = EAE6696B2AFB743B00E1C378 /* Bindable.swift */; };
/* End PBXBuildFile section */

/* Begin PBXFileReference section */
		7B4E7907976E3811B0DF7102 /* Pods-DisciplineManager.debug.xcconfig */ = {isa = PBXFileReference; includeInIndex = 1; lastKnownFileType = text.xcconfig; name = "Pods-DisciplineManager.debug.xcconfig"; path = "Target Support Files/Pods-DisciplineManager/Pods-DisciplineManager.debug.xcconfig"; sourceTree = "<group>"; };
		8B2595B71D532FF4A3149125 /* Pods-DisciplineManager.release.xcconfig */ = {isa = PBXFileReference; includeInIndex = 1; lastKnownFileType = text.xcconfig; name = "Pods-DisciplineManager.release.xcconfig"; path = "Target Support Files/Pods-DisciplineManager/Pods-DisciplineManager.release.xcconfig"; sourceTree = "<group>"; };
		9B4C05F3C9A96D99F167C603 /* Pods_DisciplineManager.framework */ = {isa = PBXFileReference; explicitFileType = wrapper.framework; includeInIndex = 0; path = Pods_DisciplineManager.framework; sourceTree = BUILT_PRODUCTS_DIR; };
		EACF072C2AFA25AC0000CD2E /* DisciplineManager.app */ = {isa = PBXFileReference; explicitFileType = wrapper.application; includeInIndex = 0; path = DisciplineManager.app; sourceTree = BUILT_PRODUCTS_DIR; };
		EACF072F2AFA25AC0000CD2E /* AppDelegate.swift */ = {isa = PBXFileReference; lastKnownFileType = sourcecode.swift; path = AppDelegate.swift; sourceTree = "<group>"; };
		EACF07312AFA25AC0000CD2E /* SceneDelegate.swift */ = {isa = PBXFileReference; lastKnownFileType = sourcecode.swift; path = SceneDelegate.swift; sourceTree = "<group>"; };
		EACF07332AFA25AC0000CD2E /* TodoController.swift */ = {isa = PBXFileReference; lastKnownFileType = sourcecode.swift; path = TodoController.swift; sourceTree = "<group>"; };
		EACF07362AFA25AC0000CD2E /* Base */ = {isa = PBXFileReference; lastKnownFileType = file.storyboard; name = Base; path = Base.lproj/Main.storyboard; sourceTree = "<group>"; };
		EACF07382AFA25B00000CD2E /* Assets.xcassets */ = {isa = PBXFileReference; lastKnownFileType = folder.assetcatalog; path = Assets.xcassets; sourceTree = "<group>"; };
		EACF073B2AFA25B00000CD2E /* Base */ = {isa = PBXFileReference; lastKnownFileType = file.storyboard; name = Base; path = Base.lproj/LaunchScreen.storyboard; sourceTree = "<group>"; };
		EACF073D2AFA25B00000CD2E /* Info.plist */ = {isa = PBXFileReference; lastKnownFileType = text.plist.xml; path = Info.plist; sourceTree = "<group>"; };
		EACF07432AFA26D00000CD2E /* MainTabBarController.swift */ = {isa = PBXFileReference; lastKnownFileType = sourcecode.swift; path = MainTabBarController.swift; sourceTree = "<group>"; };
		EACF07452AFA3E030000CD2E /* MotivationController.swift */ = {isa = PBXFileReference; lastKnownFileType = sourcecode.swift; path = MotivationController.swift; sourceTree = "<group>"; };
		EACF07472AFA3E310000CD2E /* AchievementController.swift */ = {isa = PBXFileReference; lastKnownFileType = sourcecode.swift; path = AchievementController.swift; sourceTree = "<group>"; };
		EACF07492AFA3E500000CD2E /* DeviceBlockController.swift */ = {isa = PBXFileReference; lastKnownFileType = sourcecode.swift; path = DeviceBlockController.swift; sourceTree = "<group>"; };
		EACF074B2AFA3E8E0000CD2E /* SettingController.swift */ = {isa = PBXFileReference; lastKnownFileType = sourcecode.swift; path = SettingController.swift; sourceTree = "<group>"; };
		EACF074D2AFB451A0000CD2E /* ViewDrawable.swift */ = {isa = PBXFileReference; lastKnownFileType = sourcecode.swift; path = ViewDrawable.swift; sourceTree = "<group>"; };
		EACF07512AFB68E00000CD2E /* LINESeedKR-Th.otf */ = {isa = PBXFileReference; lastKnownFileType = file; name = "LINESeedKR-Th.otf"; path = "../../../../../Downloads/LINE_SeedKR_2023.09.06/OTF/LINESeedKR-Th.otf"; sourceTree = "<group>"; };
		EACF07522AFB68E00000CD2E /* LINESeedKR-Rg.otf */ = {isa = PBXFileReference; lastKnownFileType = file; name = "LINESeedKR-Rg.otf"; path = "../../../../../Downloads/LINE_SeedKR_2023.09.06/OTF/LINESeedKR-Rg.otf"; sourceTree = "<group>"; };
		EACF07532AFB68E00000CD2E /* LINESeedKR-Bd.otf */ = {isa = PBXFileReference; lastKnownFileType = file; name = "LINESeedKR-Bd.otf"; path = "../../../../../Downloads/LINE_SeedKR_2023.09.06/OTF/LINESeedKR-Bd.otf"; sourceTree = "<group>"; };
		EADB7B162B0C745E005015B8 /* CalendarSheetController.swift */ = {isa = PBXFileReference; lastKnownFileType = sourcecode.swift; path = CalendarSheetController.swift; sourceTree = "<group>"; };
		EADB7B182B0C9765005015B8 /* CalendarSheetViewModel.swift */ = {isa = PBXFileReference; lastKnownFileType = sourcecode.swift; path = CalendarSheetViewModel.swift; sourceTree = "<group>"; };
		EADB7B1A2B0DB35E005015B8 /* HomeCell.swift */ = {isa = PBXFileReference; lastKnownFileType = sourcecode.swift; path = HomeCell.swift; sourceTree = "<group>"; };
		EADB7B1D2B0DB47B005015B8 /* TodoHeaderView.swift */ = {isa = PBXFileReference; lastKnownFileType = sourcecode.swift; path = TodoHeaderView.swift; sourceTree = "<group>"; };
		EADB7B1F2B0E0C9E005015B8 /* TodoModel.swift */ = {isa = PBXFileReference; lastKnownFileType = sourcecode.swift; path = TodoModel.swift; sourceTree = "<group>"; };
		EAE669692AFB71A200E1C378 /* TodoViewModel.swift */ = {isa = PBXFileReference; lastKnownFileType = sourcecode.swift; path = TodoViewModel.swift; sourceTree = "<group>"; };
		EAE6696B2AFB743B00E1C378 /* Bindable.swift */ = {isa = PBXFileReference; lastKnownFileType = sourcecode.swift; path = Bindable.swift; sourceTree = "<group>"; };
/* End PBXFileReference section */

/* Begin PBXFrameworksBuildPhase section */
		EACF07292AFA25AC0000CD2E /* Frameworks */ = {
			isa = PBXFrameworksBuildPhase;
			buildActionMask = 2147483647;
			files = (
				A990A680E36039286119C647 /* Pods_DisciplineManager.framework in Frameworks */,
			);
			runOnlyForDeploymentPostprocessing = 0;
		};
/* End PBXFrameworksBuildPhase section */

/* Begin PBXGroup section */
		274E9720CB357C0E8455D633 /* Frameworks */ = {
			isa = PBXGroup;
			children = (
				9B4C05F3C9A96D99F167C603 /* Pods_DisciplineManager.framework */,
			);
			name = Frameworks;
			sourceTree = "<group>";
		};
		8053EE124965FC9A07FF3C20 /* Pods */ = {
			isa = PBXGroup;
			children = (
				7B4E7907976E3811B0DF7102 /* Pods-DisciplineManager.debug.xcconfig */,
				8B2595B71D532FF4A3149125 /* Pods-DisciplineManager.release.xcconfig */,
			);
			path = Pods;
			sourceTree = "<group>";
		};
		EACF07232AFA25AC0000CD2E = {
			isa = PBXGroup;
			children = (
				EACF072E2AFA25AC0000CD2E /* DisciplineManager */,
				EACF072D2AFA25AC0000CD2E /* Products */,
				8053EE124965FC9A07FF3C20 /* Pods */,
				274E9720CB357C0E8455D633 /* Frameworks */,
			);
			sourceTree = "<group>";
		};
		EACF072D2AFA25AC0000CD2E /* Products */ = {
			isa = PBXGroup;
			children = (
				EACF072C2AFA25AC0000CD2E /* DisciplineManager.app */,
			);
			name = Products;
			sourceTree = "<group>";
		};
		EACF072E2AFA25AC0000CD2E /* DisciplineManager */ = {
			isa = PBXGroup;
			children = (
				EACF072F2AFA25AC0000CD2E /* AppDelegate.swift */,
				EACF07312AFA25AC0000CD2E /* SceneDelegate.swift */,
				EACF07502AFB68AD0000CD2E /* Fonts */,
				EACF074F2AFB45F70000CD2E /* Helpers */,
				EAE669682AFB717900E1C378 /* Model */,
				EAE669672AFB717100E1C378 /* ViewModel */,
				EAE669662AFB715C00E1C378 /* View */,
				EACF07352AFA25AC0000CD2E /* Main.storyboard */,
				EACF07382AFA25B00000CD2E /* Assets.xcassets */,
				EACF073A2AFA25B00000CD2E /* LaunchScreen.storyboard */,
				EACF073D2AFA25B00000CD2E /* Info.plist */,
			);
			path = DisciplineManager;
			sourceTree = "<group>";
		};
		EACF074F2AFB45F70000CD2E /* Helpers */ = {
			isa = PBXGroup;
			children = (
				EACF074D2AFB451A0000CD2E /* ViewDrawable.swift */,
				EAE6696B2AFB743B00E1C378 /* Bindable.swift */,
			);
			path = Helpers;
			sourceTree = "<group>";
		};
		EACF07502AFB68AD0000CD2E /* Fonts */ = {
			isa = PBXGroup;
			children = (
				EACF07532AFB68E00000CD2E /* LINESeedKR-Bd.otf */,
				EACF07522AFB68E00000CD2E /* LINESeedKR-Rg.otf */,
				EACF07512AFB68E00000CD2E /* LINESeedKR-Th.otf */,
			);
			path = Fonts;
			sourceTree = "<group>";
		};
		EADB7B1C2B0DB361005015B8 /* Cell */ = {
			isa = PBXGroup;
			children = (
				EADB7B1A2B0DB35E005015B8 /* HomeCell.swift */,
			);
			path = Cell;
			sourceTree = "<group>";
		};
		EAE669662AFB715C00E1C378 /* View */ = {
			isa = PBXGroup;
			children = (
				EACF07432AFA26D00000CD2E /* MainTabBarController.swift */,
				EADB7B1D2B0DB47B005015B8 /* TodoHeaderView.swift */,
				EACF07332AFA25AC0000CD2E /* TodoController.swift */,
				EADB7B162B0C745E005015B8 /* CalendarSheetController.swift */,
				EACF07452AFA3E030000CD2E /* MotivationController.swift */,
				EACF07472AFA3E310000CD2E /* AchievementController.swift */,
				EACF07492AFA3E500000CD2E /* DeviceBlockController.swift */,
				EACF074B2AFA3E8E0000CD2E /* SettingController.swift */,
				EADB7B1C2B0DB361005015B8 /* Cell */,
			);
			path = View;
			sourceTree = "<group>";
		};
		EAE669672AFB717100E1C378 /* ViewModel */ = {
			isa = PBXGroup;
			children = (
				EAE669692AFB71A200E1C378 /* TodoViewModel.swift */,
				EADB7B182B0C9765005015B8 /* CalendarSheetViewModel.swift */,
			);
			path = ViewModel;
			sourceTree = "<group>";
		};
		EAE669682AFB717900E1C378 /* Model */ = {
			isa = PBXGroup;
			children = (
				EADB7B1F2B0E0C9E005015B8 /* TodoModel.swift */,
			);
			path = Model;
			sourceTree = "<group>";
		};
/* End PBXGroup section */

/* Begin PBXNativeTarget section */
		EACF072B2AFA25AC0000CD2E /* DisciplineManager */ = {
			isa = PBXNativeTarget;
			buildConfigurationList = EACF07402AFA25B00000CD2E /* Build configuration list for PBXNativeTarget "DisciplineManager" */;
			buildPhases = (
				4DD3A192F9DB19EAEA86F23F /* [CP] Check Pods Manifest.lock */,
				EACF07282AFA25AC0000CD2E /* Sources */,
				EACF07292AFA25AC0000CD2E /* Frameworks */,
				EACF072A2AFA25AC0000CD2E /* Resources */,
				4D35D2C19AED2F4ACFA87532 /* [CP] Embed Pods Frameworks */,
			);
			buildRules = (
			);
			dependencies = (
			);
			name = DisciplineManager;
			productName = DisciplineManager;
			productReference = EACF072C2AFA25AC0000CD2E /* DisciplineManager.app */;
			productType = "com.apple.product-type.application";
		};
/* End PBXNativeTarget section */

/* Begin PBXProject section */
		EACF07242AFA25AC0000CD2E /* Project object */ = {
			isa = PBXProject;
			attributes = {
				BuildIndependentTargetsInParallel = 1;
				LastSwiftUpdateCheck = 1430;
				LastUpgradeCheck = 1430;
				TargetAttributes = {
					EACF072B2AFA25AC0000CD2E = {
						CreatedOnToolsVersion = 14.3.1;
					};
				};
			};
			buildConfigurationList = EACF07272AFA25AC0000CD2E /* Build configuration list for PBXProject "DisciplineManager" */;
			compatibilityVersion = "Xcode 14.0";
			developmentRegion = en;
			hasScannedForEncodings = 0;
			knownRegions = (
				en,
				Base,
			);
			mainGroup = EACF07232AFA25AC0000CD2E;
			productRefGroup = EACF072D2AFA25AC0000CD2E /* Products */;
			projectDirPath = "";
			projectRoot = "";
			targets = (
				EACF072B2AFA25AC0000CD2E /* DisciplineManager */,
			);
		};
/* End PBXProject section */

/* Begin PBXResourcesBuildPhase section */
		EACF072A2AFA25AC0000CD2E /* Resources */ = {
			isa = PBXResourcesBuildPhase;
			buildActionMask = 2147483647;
			files = (
				EACF073C2AFA25B00000CD2E /* LaunchScreen.storyboard in Resources */,
				EACF07392AFA25B00000CD2E /* Assets.xcassets in Resources */,
				EACF07372AFA25AC0000CD2E /* Main.storyboard in Resources */,
				EACF07562AFB68E00000CD2E /* LINESeedKR-Bd.otf in Resources */,
				EACF07542AFB68E00000CD2E /* LINESeedKR-Th.otf in Resources */,
				EACF07552AFB68E00000CD2E /* LINESeedKR-Rg.otf in Resources */,
			);
			runOnlyForDeploymentPostprocessing = 0;
		};
/* End PBXResourcesBuildPhase section */

/* Begin PBXShellScriptBuildPhase section */
		4D35D2C19AED2F4ACFA87532 /* [CP] Embed Pods Frameworks */ = {
			isa = PBXShellScriptBuildPhase;
			buildActionMask = 2147483647;
			files = (
			);
			inputFileListPaths = (
				"${PODS_ROOT}/Target Support Files/Pods-DisciplineManager/Pods-DisciplineManager-frameworks-${CONFIGURATION}-input-files.xcfilelist",
			);
			name = "[CP] Embed Pods Frameworks";
			outputFileListPaths = (
				"${PODS_ROOT}/Target Support Files/Pods-DisciplineManager/Pods-DisciplineManager-frameworks-${CONFIGURATION}-output-files.xcfilelist",
			);
			runOnlyForDeploymentPostprocessing = 0;
			shellPath = /bin/sh;
			shellScript = "\"${PODS_ROOT}/Target Support Files/Pods-DisciplineManager/Pods-DisciplineManager-frameworks.sh\"\n";
			showEnvVarsInLog = 0;
		};
		4DD3A192F9DB19EAEA86F23F /* [CP] Check Pods Manifest.lock */ = {
			isa = PBXShellScriptBuildPhase;
			buildActionMask = 2147483647;
			files = (
			);
			inputFileListPaths = (
			);
			inputPaths = (
				"${PODS_PODFILE_DIR_PATH}/Podfile.lock",
				"${PODS_ROOT}/Manifest.lock",
			);
			name = "[CP] Check Pods Manifest.lock";
			outputFileListPaths = (
			);
			outputPaths = (
				"$(DERIVED_FILE_DIR)/Pods-DisciplineManager-checkManifestLockResult.txt",
			);
			runOnlyForDeploymentPostprocessing = 0;
			shellPath = /bin/sh;
			shellScript = "diff \"${PODS_PODFILE_DIR_PATH}/Podfile.lock\" \"${PODS_ROOT}/Manifest.lock\" > /dev/null\nif [ $? != 0 ] ; then\n    # print error to STDERR\n    echo \"error: The sandbox is not in sync with the Podfile.lock. Run 'pod install' or update your CocoaPods installation.\" >&2\n    exit 1\nfi\n# This output is used by Xcode 'outputs' to avoid re-running this script phase.\necho \"SUCCESS\" > \"${SCRIPT_OUTPUT_FILE_0}\"\n";
			showEnvVarsInLog = 0;
		};
/* End PBXShellScriptBuildPhase section */

/* Begin PBXSourcesBuildPhase section */
		EACF07282AFA25AC0000CD2E /* Sources */ = {
			isa = PBXSourcesBuildPhase;
			buildActionMask = 2147483647;
			files = (
				EACF074E2AFB451A0000CD2E /* ViewDrawable.swift in Sources */,
				EADB7B202B0E0C9E005015B8 /* TodoModel.swift in Sources */,
				EACF07342AFA25AC0000CD2E /* TodoController.swift in Sources */,
				EACF07302AFA25AC0000CD2E /* AppDelegate.swift in Sources */,
				EADB7B172B0C745E005015B8 /* CalendarSheetController.swift in Sources */,
				EACF07442AFA26D00000CD2E /* MainTabBarController.swift in Sources */,
				EAE6696C2AFB743B00E1C378 /* Bindable.swift in Sources */,
				EADB7B1E2B0DB47B005015B8 /* TodoHeaderView.swift in Sources */,
				EACF07482AFA3E310000CD2E /* AchievementController.swift in Sources */,
				EADB7B192B0C9765005015B8 /* CalendarSheetViewModel.swift in Sources */,
				EADB7B1B2B0DB35E005015B8 /* HomeCell.swift in Sources */,
				EACF074C2AFA3E8E0000CD2E /* SettingController.swift in Sources */,
				EACF074A2AFA3E500000CD2E /* DeviceBlockController.swift in Sources */,
				EACF07462AFA3E030000CD2E /* MotivationController.swift in Sources */,
				EACF07322AFA25AC0000CD2E /* SceneDelegate.swift in Sources */,
				EAE6696A2AFB71A200E1C378 /* TodoViewModel.swift in Sources */,
			);
			runOnlyForDeploymentPostprocessing = 0;
		};
/* End PBXSourcesBuildPhase section */

/* Begin PBXVariantGroup section */
		EACF07352AFA25AC0000CD2E /* Main.storyboard */ = {
			isa = PBXVariantGroup;
			children = (
				EACF07362AFA25AC0000CD2E /* Base */,
			);
			name = Main.storyboard;
			sourceTree = "<group>";
		};
		EACF073A2AFA25B00000CD2E /* LaunchScreen.storyboard */ = {
			isa = PBXVariantGroup;
			children = (
				EACF073B2AFA25B00000CD2E /* Base */,
			);
			name = LaunchScreen.storyboard;
			sourceTree = "<group>";
		};
/* End PBXVariantGroup section */

/* Begin XCBuildConfiguration section */
		EACF073E2AFA25B00000CD2E /* Debug */ = {
			isa = XCBuildConfiguration;
			buildSettings = {
				ALWAYS_SEARCH_USER_PATHS = NO;
				CLANG_ANALYZER_NONNULL = YES;
				CLANG_ANALYZER_NUMBER_OBJECT_CONVERSION = YES_AGGRESSIVE;
				CLANG_CXX_LANGUAGE_STANDARD = "gnu++20";
				CLANG_ENABLE_MODULES = YES;
				CLANG_ENABLE_OBJC_ARC = YES;
				CLANG_ENABLE_OBJC_WEAK = YES;
				CLANG_WARN_BLOCK_CAPTURE_AUTORELEASING = YES;
				CLANG_WARN_BOOL_CONVERSION = YES;
				CLANG_WARN_COMMA = YES;
				CLANG_WARN_CONSTANT_CONVERSION = YES;
				CLANG_WARN_DEPRECATED_OBJC_IMPLEMENTATIONS = YES;
				CLANG_WARN_DIRECT_OBJC_ISA_USAGE = YES_ERROR;
				CLANG_WARN_DOCUMENTATION_COMMENTS = YES;
				CLANG_WARN_EMPTY_BODY = YES;
				CLANG_WARN_ENUM_CONVERSION = YES;
				CLANG_WARN_INFINITE_RECURSION = YES;
				CLANG_WARN_INT_CONVERSION = YES;
				CLANG_WARN_NON_LITERAL_NULL_CONVERSION = YES;
				CLANG_WARN_OBJC_IMPLICIT_RETAIN_SELF = YES;
				CLANG_WARN_OBJC_LITERAL_CONVERSION = YES;
				CLANG_WARN_OBJC_ROOT_CLASS = YES_ERROR;
				CLANG_WARN_QUOTED_INCLUDE_IN_FRAMEWORK_HEADER = YES;
				CLANG_WARN_RANGE_LOOP_ANALYSIS = YES;
				CLANG_WARN_STRICT_PROTOTYPES = YES;
				CLANG_WARN_SUSPICIOUS_MOVE = YES;
				CLANG_WARN_UNGUARDED_AVAILABILITY = YES_AGGRESSIVE;
				CLANG_WARN_UNREACHABLE_CODE = YES;
				CLANG_WARN__DUPLICATE_METHOD_MATCH = YES;
				COPY_PHASE_STRIP = NO;
				DEBUG_INFORMATION_FORMAT = dwarf;
				ENABLE_STRICT_OBJC_MSGSEND = YES;
				ENABLE_TESTABILITY = YES;
				GCC_C_LANGUAGE_STANDARD = gnu11;
				GCC_DYNAMIC_NO_PIC = NO;
				GCC_NO_COMMON_BLOCKS = YES;
				GCC_OPTIMIZATION_LEVEL = 0;
				GCC_PREPROCESSOR_DEFINITIONS = (
					"DEBUG=1",
					"$(inherited)",
				);
				GCC_WARN_64_TO_32_BIT_CONVERSION = YES;
				GCC_WARN_ABOUT_RETURN_TYPE = YES_ERROR;
				GCC_WARN_UNDECLARED_SELECTOR = YES;
				GCC_WARN_UNINITIALIZED_AUTOS = YES_AGGRESSIVE;
				GCC_WARN_UNUSED_FUNCTION = YES;
				GCC_WARN_UNUSED_VARIABLE = YES;
				IPHONEOS_DEPLOYMENT_TARGET = 16.4;
				MTL_ENABLE_DEBUG_INFO = INCLUDE_SOURCE;
				MTL_FAST_MATH = YES;
				ONLY_ACTIVE_ARCH = YES;
				SDKROOT = iphoneos;
				SWIFT_ACTIVE_COMPILATION_CONDITIONS = DEBUG;
				SWIFT_OPTIMIZATION_LEVEL = "-Onone";
			};
			name = Debug;
		};
		EACF073F2AFA25B00000CD2E /* Release */ = {
			isa = XCBuildConfiguration;
			buildSettings = {
				ALWAYS_SEARCH_USER_PATHS = NO;
				CLANG_ANALYZER_NONNULL = YES;
				CLANG_ANALYZER_NUMBER_OBJECT_CONVERSION = YES_AGGRESSIVE;
				CLANG_CXX_LANGUAGE_STANDARD = "gnu++20";
				CLANG_ENABLE_MODULES = YES;
				CLANG_ENABLE_OBJC_ARC = YES;
				CLANG_ENABLE_OBJC_WEAK = YES;
				CLANG_WARN_BLOCK_CAPTURE_AUTORELEASING = YES;
				CLANG_WARN_BOOL_CONVERSION = YES;
				CLANG_WARN_COMMA = YES;
				CLANG_WARN_CONSTANT_CONVERSION = YES;
				CLANG_WARN_DEPRECATED_OBJC_IMPLEMENTATIONS = YES;
				CLANG_WARN_DIRECT_OBJC_ISA_USAGE = YES_ERROR;
				CLANG_WARN_DOCUMENTATION_COMMENTS = YES;
				CLANG_WARN_EMPTY_BODY = YES;
				CLANG_WARN_ENUM_CONVERSION = YES;
				CLANG_WARN_INFINITE_RECURSION = YES;
				CLANG_WARN_INT_CONVERSION = YES;
				CLANG_WARN_NON_LITERAL_NULL_CONVERSION = YES;
				CLANG_WARN_OBJC_IMPLICIT_RETAIN_SELF = YES;
				CLANG_WARN_OBJC_LITERAL_CONVERSION = YES;
				CLANG_WARN_OBJC_ROOT_CLASS = YES_ERROR;
				CLANG_WARN_QUOTED_INCLUDE_IN_FRAMEWORK_HEADER = YES;
				CLANG_WARN_RANGE_LOOP_ANALYSIS = YES;
				CLANG_WARN_STRICT_PROTOTYPES = YES;
				CLANG_WARN_SUSPICIOUS_MOVE = YES;
				CLANG_WARN_UNGUARDED_AVAILABILITY = YES_AGGRESSIVE;
				CLANG_WARN_UNREACHABLE_CODE = YES;
				CLANG_WARN__DUPLICATE_METHOD_MATCH = YES;
				COPY_PHASE_STRIP = NO;
				DEBUG_INFORMATION_FORMAT = "dwarf-with-dsym";
				ENABLE_NS_ASSERTIONS = NO;
				ENABLE_STRICT_OBJC_MSGSEND = YES;
				GCC_C_LANGUAGE_STANDARD = gnu11;
				GCC_NO_COMMON_BLOCKS = YES;
				GCC_WARN_64_TO_32_BIT_CONVERSION = YES;
				GCC_WARN_ABOUT_RETURN_TYPE = YES_ERROR;
				GCC_WARN_UNDECLARED_SELECTOR = YES;
				GCC_WARN_UNINITIALIZED_AUTOS = YES_AGGRESSIVE;
				GCC_WARN_UNUSED_FUNCTION = YES;
				GCC_WARN_UNUSED_VARIABLE = YES;
				IPHONEOS_DEPLOYMENT_TARGET = 16.4;
				MTL_ENABLE_DEBUG_INFO = NO;
				MTL_FAST_MATH = YES;
				SDKROOT = iphoneos;
				SWIFT_COMPILATION_MODE = wholemodule;
				SWIFT_OPTIMIZATION_LEVEL = "-O";
				VALIDATE_PRODUCT = YES;
			};
			name = Release;
		};
		EACF07412AFA25B00000CD2E /* Debug */ = {
			isa = XCBuildConfiguration;
			baseConfigurationReference = 7B4E7907976E3811B0DF7102 /* Pods-DisciplineManager.debug.xcconfig */;
			buildSettings = {
				ASSETCATALOG_COMPILER_APPICON_NAME = AppIcon;
				ASSETCATALOG_COMPILER_GLOBAL_ACCENT_COLOR_NAME = AccentColor;
				CODE_SIGN_STYLE = Automatic;
				CURRENT_PROJECT_VERSION = 1;
				DEVELOPMENT_TEAM = T9LJ52AQY5;
				GENERATE_INFOPLIST_FILE = YES;
				INFOPLIST_FILE = DisciplineManager/Info.plist;
				INFOPLIST_KEY_UIApplicationSupportsIndirectInputEvents = YES;
				INFOPLIST_KEY_UILaunchStoryboardName = LaunchScreen;
				INFOPLIST_KEY_UIMainStoryboardFile = Main;
				INFOPLIST_KEY_UISupportedInterfaceOrientations_iPad = "UIInterfaceOrientationPortrait UIInterfaceOrientationPortraitUpsideDown UIInterfaceOrientationLandscapeLeft UIInterfaceOrientationLandscapeRight";
				INFOPLIST_KEY_UISupportedInterfaceOrientations_iPhone = "UIInterfaceOrientationPortrait UIInterfaceOrientationLandscapeLeft UIInterfaceOrientationLandscapeRight";
				LD_RUNPATH_SEARCH_PATHS = (
					"$(inherited)",
					"@executable_path/Frameworks",
				);
				MARKETING_VERSION = 1.0;
				PRODUCT_BUNDLE_IDENTIFIER = com.tistory.frenchmarigold.DisciplineManager;
				PRODUCT_NAME = "$(TARGET_NAME)";
				SWIFT_EMIT_LOC_STRINGS = YES;
				SWIFT_VERSION = 5.0;
				TARGETED_DEVICE_FAMILY = "1,2";
			};
			name = Debug;
		};
		EACF07422AFA25B00000CD2E /* Release */ = {
			isa = XCBuildConfiguration;
			baseConfigurationReference = 8B2595B71D532FF4A3149125 /* Pods-DisciplineManager.release.xcconfig */;
			buildSettings = {
				ASSETCATALOG_COMPILER_APPICON_NAME = AppIcon;
				ASSETCATALOG_COMPILER_GLOBAL_ACCENT_COLOR_NAME = AccentColor;
				CODE_SIGN_STYLE = Automatic;
				CURRENT_PROJECT_VERSION = 1;
				DEVELOPMENT_TEAM = T9LJ52AQY5;
				GENERATE_INFOPLIST_FILE = YES;
				INFOPLIST_FILE = DisciplineManager/Info.plist;
				INFOPLIST_KEY_UIApplicationSupportsIndirectInputEvents = YES;
				INFOPLIST_KEY_UILaunchStoryboardName = LaunchScreen;
				INFOPLIST_KEY_UIMainStoryboardFile = Main;
				INFOPLIST_KEY_UISupportedInterfaceOrientations_iPad = "UIInterfaceOrientationPortrait UIInterfaceOrientationPortraitUpsideDown UIInterfaceOrientationLandscapeLeft UIInterfaceOrientationLandscapeRight";
				INFOPLIST_KEY_UISupportedInterfaceOrientations_iPhone = "UIInterfaceOrientationPortrait UIInterfaceOrientationLandscapeLeft UIInterfaceOrientationLandscapeRight";
				LD_RUNPATH_SEARCH_PATHS = (
					"$(inherited)",
					"@executable_path/Frameworks",
				);
				MARKETING_VERSION = 1.0;
				PRODUCT_BUNDLE_IDENTIFIER = com.tistory.frenchmarigold.DisciplineManager;
				PRODUCT_NAME = "$(TARGET_NAME)";
				SWIFT_EMIT_LOC_STRINGS = YES;
				SWIFT_VERSION = 5.0;
				TARGETED_DEVICE_FAMILY = "1,2";
			};
			name = Release;
		};
/* End XCBuildConfiguration section */

/* Begin XCConfigurationList section */
		EACF07272AFA25AC0000CD2E /* Build configuration list for PBXProject "DisciplineManager" */ = {
			isa = XCConfigurationList;
			buildConfigurations = (
				EACF073E2AFA25B00000CD2E /* Debug */,
				EACF073F2AFA25B00000CD2E /* Release */,
			);
			defaultConfigurationIsVisible = 0;
			defaultConfigurationName = Release;
		};
		EACF07402AFA25B00000CD2E /* Build configuration list for PBXNativeTarget "DisciplineManager" */ = {
			isa = XCConfigurationList;
			buildConfigurations = (
				EACF07412AFA25B00000CD2E /* Debug */,
				EACF07422AFA25B00000CD2E /* Release */,
			);
			defaultConfigurationIsVisible = 0;
			defaultConfigurationName = Release;
		};
/* End XCConfigurationList section */
	};
	rootObject = EACF07242AFA25AC0000CD2E /* Project object */;
}
